
Microsoft Visual Studio Solution File, Format Version 12.00
# Visual Studio Version 17
VisualStudioVersion = 17.7.34221.43
MinimumVisualStudioVersion = 10.0.40219.1
Project("{8BC9CEB8-8B4A-11D0-8D11-00A0C91BC942}") = "Ejercicio_1", "Ejercicio_1\Ejercicio_1.vcxproj", "{3CA8D95B-8F72-4B53-9E1A-297645961A8B}"
EndProject
Global
	GlobalSection(SolutionConfigurationPlatforms) = preSolution
		Debug|ARM64 = Debug|ARM64
		Debug|x64 = Debug|x64
		Debug|x86 = Debug|x86
		Release|ARM64 = Release|ARM64
		Release|x64 = Release|x64
		Release|x86 = Release|x86
	EndGlobalSection
	GlobalSection(ProjectConfigurationPlatforms) = postSolution
		{3CA8D95B-8F72-4B53-9E1A-297645961A8B}.Debug|ARM64.ActiveCfg = Debug|ARM64
		{3CA8D95B-8F72-4B53-9E1A-297645961A8B}.Debug|ARM64.Build.0 = Debug|ARM64
		{3CA8D95B-8F72-4B53-9E1A-297645961A8B}.Debug|x64.ActiveCfg = Debug|x64
		{3CA8D95B-8F72-4B53-9E1A-297645961A8B}.Debug|x64.Build.0 = Debug|x64
		{3CA8D95B-8F72-4B53-9E1A-297645961A8B}.Debug|x86.ActiveCfg = Debug|Win32
		{3CA8D95B-8F72-4B53-9E1A-297645961A8B}.Debug|x86.Build.0 = Debug|Win32
		{3CA8D95B-8F72-4B53-9E1A-297645961A8B}.Release|ARM64.ActiveCfg = Release|ARM64
		{3CA8D95B-8F72-4B53-9E1A-297645961A8B}.Release|ARM64.Build.0 = Release|ARM64
		{3CA8D95B-8F72-4B53-9E1A-297645961A8B}.Release|x64.ActiveCfg = Release|x64
		{3CA8D95B-8F72-4B53-9E1A-297645961A8B}.Release|x64.Build.0 = Release|x64
		{3CA8D95B-8F72-4B53-9E1A-297645961A8B}.Release|x86.ActiveCfg = Release|Win32
		{3CA8D95B-8F72-4B53-9E1A-297645961A8B}.Release|x86.Build.0 = Release|Win32
	EndGlobalSection
	GlobalSection(SolutionProperties) = preSolution
		HideSolutionNode = FALSE
	EndGlobalSection
	GlobalSection(ExtensibilityGlobals) = postSolution
		SolutionGuid = {EEB8D0BA-BF41-45C0-A6CD-E700DC26138E}
	EndGlobalSection
EndGlobal
